// !$*UTF8*$!
{
	archiveVersion = 1;
	classes = {
	};
	objectVersion = 46;
	objects = {

/* Begin PBXBuildFile section */
		17A421FF1851FCD10076E2B8 /* NSString+containsString.m in Sources */ = {isa = PBXBuildFile; fileRef = 17A421FE1851FCD10076E2B8 /* NSString+containsString.m */; };
		17B2E2291751412500505428 /* Cocoa.framework in Frameworks */ = {isa = PBXBuildFile; fileRef = 17B2E2281751412500505428 /* Cocoa.framework */; };
		17B2E2331751412500505428 /* InfoPlist.strings in Resources */ = {isa = PBXBuildFile; fileRef = 17B2E2311751412500505428 /* InfoPlist.strings */; };
		17B2E2351751412500505428 /* main.m in Sources */ = {isa = PBXBuildFile; fileRef = 17B2E2341751412500505428 /* main.m */; };
		17B2E2391751412500505428 /* Credits.rtf in Resources */ = {isa = PBXBuildFile; fileRef = 17B2E2371751412500505428 /* Credits.rtf */; };
		17B2E23C1751412500505428 /* FYDAppDelegate.m in Sources */ = {isa = PBXBuildFile; fileRef = 17B2E23B1751412500505428 /* FYDAppDelegate.m */; };
		17B2E23F1751412500505428 /* MainMenu.xib in Resources */ = {isa = PBXBuildFile; fileRef = 17B2E23D1751412500505428 /* MainMenu.xib */; };
		17B2E2471751412500505428 /* SenTestingKit.framework in Frameworks */ = {isa = PBXBuildFile; fileRef = 17B2E2461751412500505428 /* SenTestingKit.framework */; };
		17B2E2481751412500505428 /* Cocoa.framework in Frameworks */ = {isa = PBXBuildFile; fileRef = 17B2E2281751412500505428 /* Cocoa.framework */; };
		17B2E2501751412500505428 /* InfoPlist.strings in Resources */ = {isa = PBXBuildFile; fileRef = 17B2E24E1751412500505428 /* InfoPlist.strings */; };
		17B2E2531751412500505428 /* vocabularyeditorTests.m in Sources */ = {isa = PBXBuildFile; fileRef = 17B2E2521751412500505428 /* vocabularyeditorTests.m */; };
		17B2E25F175145C000505428 /* vocabularyeditor.icns in Resources */ = {isa = PBXBuildFile; fileRef = 17B2E25E175145C000505428 /* vocabularyeditor.icns */; };
		17B2E26A17514F9A00505428 /* FYDStage.m in Sources */ = {isa = PBXBuildFile; fileRef = 17B2E26517514F9A00505428 /* FYDStage.m */; };
		17B2E26B17514F9A00505428 /* FYDVocable.m in Sources */ = {isa = PBXBuildFile; fileRef = 17B2E26717514F9A00505428 /* FYDVocable.m */; };
		17B2E26C17514F9A00505428 /* FYDVocabularyBox.m in Sources */ = {isa = PBXBuildFile; fileRef = 17B2E26917514F9A00505428 /* FYDVocabularyBox.m */; };
		17B2E26F17520FE500505428 /* FYDTableView.m in Sources */ = {isa = PBXBuildFile; fileRef = 17B2E26E17520FE500505428 /* FYDTableView.m */; };
		17B2E2771752334900505428 /* SCEvent.m in Sources */ = {isa = PBXBuildFile; fileRef = 17B2E2731752334900505428 /* SCEvent.m */; settings = {COMPILER_FLAGS = "-fno-objc-arc"; }; };
		17B2E2781752334900505428 /* SCEvents.m in Sources */ = {isa = PBXBuildFile; fileRef = 17B2E2761752334900505428 /* SCEvents.m */; settings = {COMPILER_FLAGS = "-fno-objc-arc"; }; };
		17B2E27B17523A3C00505428 /* NSString+Empty.m in Sources */ = {isa = PBXBuildFile; fileRef = 17B2E27917523A3C00505428 /* NSString+Empty.m */; };
/* End PBXBuildFile section */

/* Begin PBXContainerItemProxy section */
		17B2E2491751412500505428 /* PBXContainerItemProxy */ = {
			isa = PBXContainerItemProxy;
			containerPortal = 17B2E21D1751412500505428 /* Project object */;
			proxyType = 1;
			remoteGlobalIDString = 17B2E2241751412500505428;
			remoteInfo = vocabularyeditor;
		};
/* End PBXContainerItemProxy section */

/* Begin PBXFileReference section */
		17A421FD1851FCD10076E2B8 /* NSString+containsString.h */ = {isa = PBXFileReference; fileEncoding = 4; lastKnownFileType = sourcecode.c.h; path = "NSString+containsString.h"; sourceTree = "<group>"; };
		17A421FE1851FCD10076E2B8 /* NSString+containsString.m */ = {isa = PBXFileReference; fileEncoding = 4; lastKnownFileType = sourcecode.c.objc; path = "NSString+containsString.m"; sourceTree = "<group>"; };
		17B2E2251751412500505428 /* vocabularyeditor.app */ = {isa = PBXFileReference; explicitFileType = wrapper.application; includeInIndex = 0; path = vocabularyeditor.app; sourceTree = BUILT_PRODUCTS_DIR; };
		17B2E2281751412500505428 /* Cocoa.framework */ = {isa = PBXFileReference; lastKnownFileType = wrapper.framework; name = Cocoa.framework; path = System/Library/Frameworks/Cocoa.framework; sourceTree = SDKROOT; };
		17B2E22B1751412500505428 /* AppKit.framework */ = {isa = PBXFileReference; lastKnownFileType = wrapper.framework; name = AppKit.framework; path = System/Library/Frameworks/AppKit.framework; sourceTree = SDKROOT; };
		17B2E22C1751412500505428 /* CoreData.framework */ = {isa = PBXFileReference; lastKnownFileType = wrapper.framework; name = CoreData.framework; path = System/Library/Frameworks/CoreData.framework; sourceTree = SDKROOT; };
		17B2E22D1751412500505428 /* Foundation.framework */ = {isa = PBXFileReference; lastKnownFileType = wrapper.framework; name = Foundation.framework; path = System/Library/Frameworks/Foundation.framework; sourceTree = SDKROOT; };
		17B2E2301751412500505428 /* vocabularyeditor-Info.plist */ = {isa = PBXFileReference; lastKnownFileType = text.plist.xml; path = "vocabularyeditor-Info.plist"; sourceTree = "<group>"; };
		17B2E2321751412500505428 /* en */ = {isa = PBXFileReference; lastKnownFileType = text.plist.strings; name = en; path = en.lproj/InfoPlist.strings; sourceTree = "<group>"; };
		17B2E2341751412500505428 /* main.m */ = {isa = PBXFileReference; lastKnownFileType = sourcecode.c.objc; path = main.m; sourceTree = "<group>"; };
		17B2E2361751412500505428 /* vocabularyeditor-Prefix.pch */ = {isa = PBXFileReference; lastKnownFileType = sourcecode.c.h; path = "vocabularyeditor-Prefix.pch"; sourceTree = "<group>"; };
		17B2E2381751412500505428 /* en */ = {isa = PBXFileReference; lastKnownFileType = text.rtf; name = en; path = en.lproj/Credits.rtf; sourceTree = "<group>"; };
		17B2E23A1751412500505428 /* FYDAppDelegate.h */ = {isa = PBXFileReference; lastKnownFileType = sourcecode.c.h; path = FYDAppDelegate.h; sourceTree = "<group>"; };
		17B2E23B1751412500505428 /* FYDAppDelegate.m */ = {isa = PBXFileReference; lastKnownFileType = sourcecode.c.objc; path = FYDAppDelegate.m; sourceTree = "<group>"; };
		17B2E23E1751412500505428 /* en */ = {isa = PBXFileReference; lastKnownFileType = file.xib; name = en; path = en.lproj/MainMenu.xib; sourceTree = "<group>"; };
		17B2E2451751412500505428 /* vocabularyeditorTests.octest */ = {isa = PBXFileReference; explicitFileType = wrapper.cfbundle; includeInIndex = 0; path = vocabularyeditorTests.octest; sourceTree = BUILT_PRODUCTS_DIR; };
		17B2E2461751412500505428 /* SenTestingKit.framework */ = {isa = PBXFileReference; lastKnownFileType = wrapper.framework; name = SenTestingKit.framework; path = Library/Frameworks/SenTestingKit.framework; sourceTree = DEVELOPER_DIR; };
		17B2E24D1751412500505428 /* vocabularyeditorTests-Info.plist */ = {isa = PBXFileReference; lastKnownFileType = text.plist.xml; path = "vocabularyeditorTests-Info.plist"; sourceTree = "<group>"; };
		17B2E24F1751412500505428 /* en */ = {isa = PBXFileReference; lastKnownFileType = text.plist.strings; name = en; path = en.lproj/InfoPlist.strings; sourceTree = "<group>"; };
		17B2E2511751412500505428 /* vocabularyeditorTests.h */ = {isa = PBXFileReference; lastKnownFileType = sourcecode.c.h; path = vocabularyeditorTests.h; sourceTree = "<group>"; };
		17B2E2521751412500505428 /* vocabularyeditorTests.m */ = {isa = PBXFileReference; lastKnownFileType = sourcecode.c.objc; path = vocabularyeditorTests.m; sourceTree = "<group>"; };
		17B2E25E175145C000505428 /* vocabularyeditor.icns */ = {isa = PBXFileReference; lastKnownFileType = image.icns; path = vocabularyeditor.icns; sourceTree = "<group>"; };
		17B2E26417514F9A00505428 /* FYDStage.h */ = {isa = PBXFileReference; fileEncoding = 4; lastKnownFileType = sourcecode.c.h; path = FYDStage.h; sourceTree = "<group>"; };
		17B2E26517514F9A00505428 /* FYDStage.m */ = {isa = PBXFileReference; fileEncoding = 4; lastKnownFileType = sourcecode.c.objc; path = FYDStage.m; sourceTree = "<group>"; };
		17B2E26617514F9A00505428 /* FYDVocable.h */ = {isa = PBXFileReference; fileEncoding = 4; lastKnownFileType = sourcecode.c.h; path = FYDVocable.h; sourceTree = "<group>"; };
		17B2E26717514F9A00505428 /* FYDVocable.m */ = {isa = PBXFileReference; fileEncoding = 4; lastKnownFileType = sourcecode.c.objc; path = FYDVocable.m; sourceTree = "<group>"; };
		17B2E26817514F9A00505428 /* FYDVocabularyBox.h */ = {isa = PBXFileReference; fileEncoding = 4; lastKnownFileType = sourcecode.c.h; path = FYDVocabularyBox.h; sourceTree = "<group>"; };
		17B2E26917514F9A00505428 /* FYDVocabularyBox.m */ = {isa = PBXFileReference; fileEncoding = 4; lastKnownFileType = sourcecode.c.objc; path = FYDVocabularyBox.m; sourceTree = "<group>"; };
		17B2E26D17520FE500505428 /* FYDTableView.h */ = {isa = PBXFileReference; fileEncoding = 4; lastKnownFileType = sourcecode.c.h; path = FYDTableView.h; sourceTree = "<group>"; };
		17B2E26E17520FE500505428 /* FYDTableView.m */ = {isa = PBXFileReference; fileEncoding = 4; lastKnownFileType = sourcecode.c.objc; path = FYDTableView.m; sourceTree = "<group>"; };
		17B2E2711752334900505428 /* SCConstants.h */ = {isa = PBXFileReference; fileEncoding = 4; lastKnownFileType = sourcecode.c.h; path = SCConstants.h; sourceTree = "<group>"; };
		17B2E2721752334900505428 /* SCEvent.h */ = {isa = PBXFileReference; fileEncoding = 4; lastKnownFileType = sourcecode.c.h; path = SCEvent.h; sourceTree = "<group>"; };
		17B2E2731752334900505428 /* SCEvent.m */ = {isa = PBXFileReference; fileEncoding = 4; lastKnownFileType = sourcecode.c.objc; path = SCEvent.m; sourceTree = "<group>"; };
		17B2E2741752334900505428 /* SCEventListenerProtocol.h */ = {isa = PBXFileReference; fileEncoding = 4; lastKnownFileType = sourcecode.c.h; path = SCEventListenerProtocol.h; sourceTree = "<group>"; };
		17B2E2751752334900505428 /* SCEvents.h */ = {isa = PBXFileReference; fileEncoding = 4; lastKnownFileType = sourcecode.c.h; path = SCEvents.h; sourceTree = "<group>"; };
		17B2E2761752334900505428 /* SCEvents.m */ = {isa = PBXFileReference; fileEncoding = 4; lastKnownFileType = sourcecode.c.objc; path = SCEvents.m; sourceTree = "<group>"; };
		17B2E27917523A3C00505428 /* NSString+Empty.m */ = {isa = PBXFileReference; fileEncoding = 4; lastKnownFileType = sourcecode.c.objc; path = "NSString+Empty.m"; sourceTree = "<group>"; };
		17B2E27A17523A3C00505428 /* NSString+Empty.h */ = {isa = PBXFileReference; fileEncoding = 4; lastKnownFileType = sourcecode.c.h; path = "NSString+Empty.h"; sourceTree = "<group>"; };
/* End PBXFileReference section */

/* Begin PBXFrameworksBuildPhase section */
		17B2E2221751412500505428 /* Frameworks */ = {
			isa = PBXFrameworksBuildPhase;
			buildActionMask = 2147483647;
			files = (
				17B2E2291751412500505428 /* Cocoa.framework in Frameworks */,
			);
			runOnlyForDeploymentPostprocessing = 0;
		};
		17B2E2411751412500505428 /* Frameworks */ = {
			isa = PBXFrameworksBuildPhase;
			buildActionMask = 2147483647;
			files = (
				17B2E2471751412500505428 /* SenTestingKit.framework in Frameworks */,
				17B2E2481751412500505428 /* Cocoa.framework in Frameworks */,
			);
			runOnlyForDeploymentPostprocessing = 0;
		};
/* End PBXFrameworksBuildPhase section */

/* Begin PBXGroup section */
		17B2E21C1751412500505428 = {
			isa = PBXGroup;
			children = (
				17B2E25E175145C000505428 /* vocabularyeditor.icns */,
				17B2E22E1751412500505428 /* vocabularyeditor */,
				17B2E24B1751412500505428 /* vocabularyeditorTests */,
				17B2E2271751412500505428 /* Frameworks */,
				17B2E2261751412500505428 /* Products */,
			);
			sourceTree = "<group>";
		};
		17B2E2261751412500505428 /* Products */ = {
			isa = PBXGroup;
			children = (
				17B2E2251751412500505428 /* vocabularyeditor.app */,
				17B2E2451751412500505428 /* vocabularyeditorTests.octest */,
			);
			name = Products;
			sourceTree = "<group>";
		};
		17B2E2271751412500505428 /* Frameworks */ = {
			isa = PBXGroup;
			children = (
				17B2E2281751412500505428 /* Cocoa.framework */,
				17B2E2461751412500505428 /* SenTestingKit.framework */,
				17B2E22A1751412500505428 /* Other Frameworks */,
			);
			name = Frameworks;
			sourceTree = "<group>";
		};
		17B2E22A1751412500505428 /* Other Frameworks */ = {
			isa = PBXGroup;
			children = (
				17B2E22B1751412500505428 /* AppKit.framework */,
				17B2E22C1751412500505428 /* CoreData.framework */,
				17B2E22D1751412500505428 /* Foundation.framework */,
			);
			name = "Other Frameworks";
			sourceTree = "<group>";
		};
		17B2E22E1751412500505428 /* vocabularyeditor */ = {
			isa = PBXGroup;
			children = (
				17B2E23A1751412500505428 /* FYDAppDelegate.h */,
				17B2E23B1751412500505428 /* FYDAppDelegate.m */,
				17B2E26D17520FE500505428 /* FYDTableView.h */,
				17B2E26E17520FE500505428 /* FYDTableView.m */,
				17B2E23D1751412500505428 /* MainMenu.xib */,
				17B2E26317514F7F00505428 /* Model */,
				17B2E2701752333800505428 /* Libs */,
				17B2E22F1751412500505428 /* Supporting Files */,
			);
			path = vocabularyeditor;
			sourceTree = "<group>";
		};
		17B2E22F1751412500505428 /* Supporting Files */ = {
			isa = PBXGroup;
			children = (
				17B2E2301751412500505428 /* vocabularyeditor-Info.plist */,
				17B2E2311751412500505428 /* InfoPlist.strings */,
				17B2E2341751412500505428 /* main.m */,
				17B2E2361751412500505428 /* vocabularyeditor-Prefix.pch */,
				17B2E2371751412500505428 /* Credits.rtf */,
			);
			name = "Supporting Files";
			sourceTree = "<group>";
		};
		17B2E24B1751412500505428 /* vocabularyeditorTests */ = {
			isa = PBXGroup;
			children = (
				17B2E2511751412500505428 /* vocabularyeditorTests.h */,
				17B2E2521751412500505428 /* vocabularyeditorTests.m */,
				17B2E24C1751412500505428 /* Supporting Files */,
			);
			path = vocabularyeditorTests;
			sourceTree = "<group>";
		};
		17B2E24C1751412500505428 /* Supporting Files */ = {
			isa = PBXGroup;
			children = (
				17B2E24D1751412500505428 /* vocabularyeditorTests-Info.plist */,
				17B2E24E1751412500505428 /* InfoPlist.strings */,
			);
			name = "Supporting Files";
			sourceTree = "<group>";
		};
		17B2E26317514F7F00505428 /* Model */ = {
			isa = PBXGroup;
			children = (
				17B2E26417514F9A00505428 /* FYDStage.h */,
				17B2E26517514F9A00505428 /* FYDStage.m */,
				17B2E26617514F9A00505428 /* FYDVocable.h */,
				17B2E26717514F9A00505428 /* FYDVocable.m */,
				17B2E26817514F9A00505428 /* FYDVocabularyBox.h */,
				17B2E26917514F9A00505428 /* FYDVocabularyBox.m */,
			);
			name = Model;
			sourceTree = "<group>";
		};
		17B2E2701752333800505428 /* Libs */ = {
			isa = PBXGroup;
			children = (
				17A421FD1851FCD10076E2B8 /* NSString+containsString.h */,
				17A421FE1851FCD10076E2B8 /* NSString+containsString.m */,
				17B2E27917523A3C00505428 /* NSString+Empty.m */,
				17B2E27A17523A3C00505428 /* NSString+Empty.h */,
				17B2E2711752334900505428 /* SCConstants.h */,
				17B2E2721752334900505428 /* SCEvent.h */,
				17B2E2731752334900505428 /* SCEvent.m */,
				17B2E2741752334900505428 /* SCEventListenerProtocol.h */,
				17B2E2751752334900505428 /* SCEvents.h */,
				17B2E2761752334900505428 /* SCEvents.m */,
			);
			name = Libs;
			sourceTree = "<group>";
		};
/* End PBXGroup section */

/* Begin PBXNativeTarget section */
		17B2E2241751412500505428 /* vocabularyeditor */ = {
			isa = PBXNativeTarget;
			buildConfigurationList = 17B2E2561751412500505428 /* Build configuration list for PBXNativeTarget "vocabularyeditor" */;
			buildPhases = (
				17B2E2211751412500505428 /* Sources */,
				17B2E2221751412500505428 /* Frameworks */,
				17B2E2231751412500505428 /* Resources */,
			);
			buildRules = (
			);
			dependencies = (
			);
			name = vocabularyeditor;
			productName = vocabularyeditor;
			productReference = 17B2E2251751412500505428 /* vocabularyeditor.app */;
			productType = "com.apple.product-type.application";
		};
		17B2E2441751412500505428 /* vocabularyeditorTests */ = {
			isa = PBXNativeTarget;
			buildConfigurationList = 17B2E2591751412500505428 /* Build configuration list for PBXNativeTarget "vocabularyeditorTests" */;
			buildPhases = (
				17B2E2401751412500505428 /* Sources */,
				17B2E2411751412500505428 /* Frameworks */,
				17B2E2421751412500505428 /* Resources */,
				17B2E2431751412500505428 /* ShellScript */,
			);
			buildRules = (
			);
			dependencies = (
				17B2E24A1751412500505428 /* PBXTargetDependency */,
			);
			name = vocabularyeditorTests;
			productName = vocabularyeditorTests;
			productReference = 17B2E2451751412500505428 /* vocabularyeditorTests.octest */;
			productType = "com.apple.product-type.bundle";
		};
/* End PBXNativeTarget section */

/* Begin PBXProject section */
		17B2E21D1751412500505428 /* Project object */ = {
			isa = PBXProject;
			attributes = {
				CLASSPREFIX = FYD;
				LastUpgradeCheck = 0460;
				ORGANIZATIONNAME = "Floyd UG (haftungsbeschränkt)";
			};
			buildConfigurationList = 17B2E2201751412500505428 /* Build configuration list for PBXProject "vocabularyeditor" */;
			compatibilityVersion = "Xcode 3.2";
			developmentRegion = English;
			hasScannedForEncodings = 0;
			knownRegions = (
				en,
			);
			mainGroup = 17B2E21C1751412500505428;
			productRefGroup = 17B2E2261751412500505428 /* Products */;
			projectDirPath = "";
			projectRoot = "";
			targets = (
				17B2E2241751412500505428 /* vocabularyeditor */,
				17B2E2441751412500505428 /* vocabularyeditorTests */,
			);
		};
/* End PBXProject section */

/* Begin PBXResourcesBuildPhase section */
		17B2E2231751412500505428 /* Resources */ = {
			isa = PBXResourcesBuildPhase;
			buildActionMask = 2147483647;
			files = (
				17B2E2331751412500505428 /* InfoPlist.strings in Resources */,
				17B2E2391751412500505428 /* Credits.rtf in Resources */,
				17B2E23F1751412500505428 /* MainMenu.xib in Resources */,
				17B2E25F175145C000505428 /* vocabularyeditor.icns in Resources */,
			);
			runOnlyForDeploymentPostprocessing = 0;
		};
		17B2E2421751412500505428 /* Resources */ = {
			isa = PBXResourcesBuildPhase;
			buildActionMask = 2147483647;
			files = (
				17B2E2501751412500505428 /* InfoPlist.strings in Resources */,
			);
			runOnlyForDeploymentPostprocessing = 0;
		};
/* End PBXResourcesBuildPhase section */

/* Begin PBXShellScriptBuildPhase section */
		17B2E2431751412500505428 /* ShellScript */ = {
			isa = PBXShellScriptBuildPhase;
			buildActionMask = 2147483647;
			files = (
			);
			inputPaths = (
			);
			outputPaths = (
			);
			runOnlyForDeploymentPostprocessing = 0;
			shellPath = /bin/sh;
			shellScript = "# Run the unit tests in this test bundle.\n\"${SYSTEM_DEVELOPER_DIR}/Tools/RunUnitTests\"\n";
		};
/* End PBXShellScriptBuildPhase section */

/* Begin PBXSourcesBuildPhase section */
		17B2E2211751412500505428 /* Sources */ = {
			isa = PBXSourcesBuildPhase;
			buildActionMask = 2147483647;
			files = (
				17B2E2351751412500505428 /* main.m in Sources */,
				17B2E23C1751412500505428 /* FYDAppDelegate.m in Sources */,
				17B2E26A17514F9A00505428 /* FYDStage.m in Sources */,
				17B2E26B17514F9A00505428 /* FYDVocable.m in Sources */,
				17B2E26C17514F9A00505428 /* FYDVocabularyBox.m in Sources */,
				17A421FF1851FCD10076E2B8 /* NSString+containsString.m in Sources */,
				17B2E26F17520FE500505428 /* FYDTableView.m in Sources */,
				17B2E2771752334900505428 /* SCEvent.m in Sources */,
				17B2E2781752334900505428 /* SCEvents.m in Sources */,
				17B2E27B17523A3C00505428 /* NSString+Empty.m in Sources */,
			);
			runOnlyForDeploymentPostprocessing = 0;
		};
		17B2E2401751412500505428 /* Sources */ = {
			isa = PBXSourcesBuildPhase;
			buildActionMask = 2147483647;
			files = (
				17B2E2531751412500505428 /* vocabularyeditorTests.m in Sources */,
			);
			runOnlyForDeploymentPostprocessing = 0;
		};
/* End PBXSourcesBuildPhase section */

/* Begin PBXTargetDependency section */
		17B2E24A1751412500505428 /* PBXTargetDependency */ = {
			isa = PBXTargetDependency;
			target = 17B2E2241751412500505428 /* vocabularyeditor */;
			targetProxy = 17B2E2491751412500505428 /* PBXContainerItemProxy */;
		};
/* End PBXTargetDependency section */

/* Begin PBXVariantGroup section */
		17B2E2311751412500505428 /* InfoPlist.strings */ = {
			isa = PBXVariantGroup;
			children = (
				17B2E2321751412500505428 /* en */,
			);
			name = InfoPlist.strings;
			sourceTree = "<group>";
		};
		17B2E2371751412500505428 /* Credits.rtf */ = {
			isa = PBXVariantGroup;
			children = (
				17B2E2381751412500505428 /* en */,
			);
			name = Credits.rtf;
			sourceTree = "<group>";
		};
		17B2E23D1751412500505428 /* MainMenu.xib */ = {
			isa = PBXVariantGroup;
			children = (
				17B2E23E1751412500505428 /* en */,
			);
			name = MainMenu.xib;
			sourceTree = "<group>";
		};
		17B2E24E1751412500505428 /* InfoPlist.strings */ = {
			isa = PBXVariantGroup;
			children = (
				17B2E24F1751412500505428 /* en */,
			);
			name = InfoPlist.strings;
			sourceTree = "<group>";
		};
/* End PBXVariantGroup section */

/* Begin XCBuildConfiguration section */
		17B2E2541751412500505428 /* Debug */ = {
			isa = XCBuildConfiguration;
			buildSettings = {
				ALWAYS_SEARCH_USER_PATHS = NO;
				ARCHS = "$(ARCHS_STANDARD_64_BIT)";
				CLANG_CXX_LANGUAGE_STANDARD = "gnu++0x";
				CLANG_CXX_LIBRARY = "libc++";
				CLANG_ENABLE_OBJC_ARC = YES;
				CLANG_WARN_CONSTANT_CONVERSION = YES;
				CLANG_WARN_EMPTY_BODY = YES;
				CLANG_WARN_ENUM_CONVERSION = YES;
				CLANG_WARN_INT_CONVERSION = YES;
				CLANG_WARN__DUPLICATE_METHOD_MATCH = YES;
				COPY_PHASE_STRIP = NO;
				GCC_C_LANGUAGE_STANDARD = gnu99;
				GCC_DYNAMIC_NO_PIC = NO;
				GCC_ENABLE_OBJC_EXCEPTIONS = YES;
				GCC_OPTIMIZATION_LEVEL = 0;
				GCC_PREPROCESSOR_DEFINITIONS = (
					"DEBUG=1",
					"$(inherited)",
				);
				GCC_SYMBOLS_PRIVATE_EXTERN = NO;
				GCC_WARN_64_TO_32_BIT_CONVERSION = YES;
				GCC_WARN_ABOUT_RETURN_TYPE = YES;
				GCC_WARN_UNINITIALIZED_AUTOS = YES;
				GCC_WARN_UNUSED_VARIABLE = YES;
				MACOSX_DEPLOYMENT_TARGET = 10.8;
				ONLY_ACTIVE_ARCH = YES;
				SDKROOT = macosx;
			};
			name = Debug;
		};
		17B2E2551751412500505428 /* Release */ = {
			isa = XCBuildConfiguration;
			buildSettings = {
				ALWAYS_SEARCH_USER_PATHS = NO;
				ARCHS = "$(ARCHS_STANDARD_64_BIT)";
				CLANG_CXX_LANGUAGE_STANDARD = "gnu++0x";
				CLANG_CXX_LIBRARY = "libc++";
				CLANG_ENABLE_OBJC_ARC = YES;
				CLANG_WARN_CONSTANT_CONVERSION = YES;
				CLANG_WARN_EMPTY_BODY = YES;
				CLANG_WARN_ENUM_CONVERSION = YES;
				CLANG_WARN_INT_CONVERSION = YES;
				CLANG_WARN__DUPLICATE_METHOD_MATCH = YES;
				COPY_PHASE_STRIP = YES;
				DEBUG_INFORMATION_FORMAT = "dwarf-with-dsym";
				GCC_C_LANGUAGE_STANDARD = gnu99;
				GCC_ENABLE_OBJC_EXCEPTIONS = YES;
				GCC_WARN_64_TO_32_BIT_CONVERSION = YES;
				GCC_WARN_ABOUT_RETURN_TYPE = YES;
				GCC_WARN_UNINITIALIZED_AUTOS = YES;
				GCC_WARN_UNUSED_VARIABLE = YES;
				MACOSX_DEPLOYMENT_TARGET = 10.8;
				SDKROOT = macosx;
			};
			name = Release;
		};
		17B2E2571751412500505428 /* Debug */ = {
			isa = XCBuildConfiguration;
			buildSettings = {
				COMBINE_HIDPI_IMAGES = YES;
				GCC_PRECOMPILE_PREFIX_HEADER = YES;
				GCC_PREFIX_HEADER = "vocabularyeditor/vocabularyeditor-Prefix.pch";
				GCC_PREPROCESSOR_DEFINITIONS = (
					FYD_NO_VOCABULARY_TEST,
					"DEBUG=1",
				);
				INFOPLIST_FILE = "vocabularyeditor/vocabularyeditor-Info.plist";
				PRODUCT_NAME = "$(TARGET_NAME)";
				WRAPPER_EXTENSION = app;
			};
			name = Debug;
		};
		17B2E2581751412500505428 /* Release */ = {
			isa = XCBuildConfiguration;
			buildSettings = {
				COMBINE_HIDPI_IMAGES = YES;
				GCC_PRECOMPILE_PREFIX_HEADER = YES;
				GCC_PREFIX_HEADER = "vocabularyeditor/vocabularyeditor-Prefix.pch";
				GCC_PREPROCESSOR_DEFINITIONS = FYD_NO_VOCABULARY_TEST;
				INFOPLIST_FILE = "vocabularyeditor/vocabularyeditor-Info.plist";
				PRODUCT_NAME = "$(TARGET_NAME)";
				WRAPPER_EXTENSION = app;
			};
			name = Release;
		};
		17B2E25A1751412500505428 /* Debug */ = {
			isa = XCBuildConfiguration;
			buildSettings = {
				BUNDLE_LOADER = "$(BUILT_PRODUCTS_DIR)/vocabularyeditor.app/Contents/MacOS/vocabularyeditor";
				COMBINE_HIDPI_IMAGES = YES;
				FRAMEWORK_SEARCH_PATHS = "\"$(DEVELOPER_LIBRARY_DIR)/Frameworks\"";
				GCC_PRECOMPILE_PREFIX_HEADER = YES;
				GCC_PREFIX_HEADER = "vocabularyeditor/vocabularyeditor-Prefix.pch";
				INFOPLIST_FILE = "vocabularyeditorTests/vocabularyeditorTests-Info.plist";
				PRODUCT_NAME = "$(TARGET_NAME)";
				TEST_HOST = "$(BUNDLE_LOADER)";
				WRAPPER_EXTENSION = octest;
			};
			name = Debug;
		};
		17B2E25B1751412500505428 /* Release */ = {
			isa = XCBuildConfiguration;
			buildSettings = {
				BUNDLE_LOADER = "$(BUILT_PRODUCTS_DIR)/vocabularyeditor.app/Contents/MacOS/vocabularyeditor";
				COMBINE_HIDPI_IMAGES = YES;
				FRAMEWORK_SEARCH_PATHS = "\"$(DEVELOPER_LIBRARY_DIR)/Frameworks\"";
				GCC_PRECOMPILE_PREFIX_HEADER = YES;
				GCC_PREFIX_HEADER = "vocabularyeditor/vocabularyeditor-Prefix.pch";
				INFOPLIST_FILE = "vocabularyeditorTests/vocabularyeditorTests-Info.plist";
				PRODUCT_NAME = "$(TARGET_NAME)";
				TEST_HOST = "$(BUNDLE_LOADER)";
				WRAPPER_EXTENSION = octest;
			};
			name = Release;
		};
/* End XCBuildConfiguration section */

/* Begin XCConfigurationList section */
		17B2E2201751412500505428 /* Build configuration list for PBXProject "vocabularyeditor" */ = {
			isa = XCConfigurationList;
			buildConfigurations = (
				17B2E2541751412500505428 /* Debug */,
				17B2E2551751412500505428 /* Release */,
			);
			defaultConfigurationIsVisible = 0;
			defaultConfigurationName = Release;
		};
		17B2E2561751412500505428 /* Build configuration list for PBXNativeTarget "vocabularyeditor" */ = {
			isa = XCConfigurationList;
			buildConfigurations = (
				17B2E2571751412500505428 /* Debug */,
				17B2E2581751412500505428 /* Release */,
			);
			defaultConfigurationIsVisible = 0;
			defaultConfigurationName = Release;
		};
		17B2E2591751412500505428 /* Build configuration list for PBXNativeTarget "vocabularyeditorTests" */ = {
			isa = XCConfigurationList;
			buildConfigurations = (
				17B2E25A1751412500505428 /* Debug */,
				17B2E25B1751412500505428 /* Release */,
			);
			defaultConfigurationIsVisible = 0;
			defaultConfigurationName = Release;
		};
/* End XCConfigurationList section */
	};
	rootObject = 17B2E21D1751412500505428 /* Project object */;
}
